Microsoft Visual Studio Solution File, Format Version 12.00
# Visual Studio 15
VisualStudioVersion = 15.0.27130.2027
MinimumVisualStudioVersion = 15.0.26124.0
Project("{6EC3EE1D-3C4E-46DD-8F32-0CC8E7565705}") = "01", "01\01.fsproj", "{648C35FC-D78A-49D4-9B59-E4680757BD70}"
EndProject
Project("{6EC3EE1D-3C4E-46DD-8F32-0CC8E7565705}") = "02", "02\02.fsproj", "{307CBB6A-37E5-4A19-B831-5A37AE290C6F}"
EndProject
Project("{6EC3EE1D-3C4E-46DD-8F32-0CC8E7565705}") = "03", "03\03.fsproj", "{A9846C03-2303-4D52-AFA8-8FB680EB0A23}"
EndProject
Project("{6EC3EE1D-3C4E-46DD-8F32-0CC8E7565705}") = "04", "04\04.fsproj", "{95964C2F-74CC-479B-ADB7-B400FF6B565A}"
EndProject
Project("{F2A71F9B-5D33-465A-A702-920D77279786}") = "05", "05\05.fsproj", "{51E6EE85-F41B-4BA2-B4D4-AB1B8CC16312}"
EndProject
Global
	GlobalSection(SolutionConfigurationPlatforms) = preSolution
		Debug|Any CPU = Debug|Any CPU
		Debug|x64 = Debug|x64
		Debug|x86 = Debug|x86
		Release|Any CPU = Release|Any CPU
		Release|x64 = Release|x64
		Release|x86 = Release|x86
	EndGlobalSection
	GlobalSection(ProjectConfigurationPlatforms) = postSolution
		{648C35FC-D78A-49D4-9B59-E4680757BD70}.Debug|Any CPU.ActiveCfg = Debug|Any CPU
		{648C35FC-D78A-49D4-9B59-E4680757BD70}.Debug|Any CPU.Build.0 = Debug|Any CPU
		{648C35FC-D78A-49D4-9B59-E4680757BD70}.Debug|x64.ActiveCfg = Debug|Any CPU
		{648C35FC-D78A-49D4-9B59-E4680757BD70}.Debug|x64.Build.0 = Debug|Any CPU
		{648C35FC-D78A-49D4-9B59-E4680757BD70}.Debug|x86.ActiveCfg = Debug|Any CPU
		{648C35FC-D78A-49D4-9B59-E4680757BD70}.Debug|x86.Build.0 = Debug|Any CPU
		{648C35FC-D78A-49D4-9B59-E4680757BD70}.Release|Any CPU.ActiveCfg = Release|Any CPU
		{648C35FC-D78A-49D4-9B59-E4680757BD70}.Release|Any CPU.Build.0 = Release|Any CPU
		{648C35FC-D78A-49D4-9B59-E4680757BD70}.Release|x64.ActiveCfg = Release|Any CPU
		{648C35FC-D78A-49D4-9B59-E4680757BD70}.Release|x64.Build.0 = Release|Any CPU
		{648C35FC-D78A-49D4-9B59-E4680757BD70}.Release|x86.ActiveCfg = Release|Any CPU
		{648C35FC-D78A-49D4-9B59-E4680757BD70}.Release|x86.Build.0 = Release|Any CPU
		{307CBB6A-37E5-4A19-B831-5A37AE290C6F}.Debug|Any CPU.ActiveCfg = Debug|Any CPU
		{307CBB6A-37E5-4A19-B831-5A37AE290C6F}.Debug|Any CPU.Build.0 = Debug|Any CPU
		{307CBB6A-37E5-4A19-B831-5A37AE290C6F}.Debug|x64.ActiveCfg = Debug|Any CPU
		{307CBB6A-37E5-4A19-B831-5A37AE290C6F}.Debug|x64.Build.0 = Debug|Any CPU
		{307CBB6A-37E5-4A19-B831-5A37AE290C6F}.Debug|x86.ActiveCfg = Debug|Any CPU
		{307CBB6A-37E5-4A19-B831-5A37AE290C6F}.Debug|x86.Build.0 = Debug|Any CPU
		{307CBB6A-37E5-4A19-B831-5A37AE290C6F}.Release|Any CPU.ActiveCfg = Release|Any CPU
		{307CBB6A-37E5-4A19-B831-5A37AE290C6F}.Release|Any CPU.Build.0 = Release|Any CPU
		{307CBB6A-37E5-4A19-B831-5A37AE290C6F}.Release|x64.ActiveCfg = Release|Any CPU
		{307CBB6A-37E5-4A19-B831-5A37AE290C6F}.Release|x64.Build.0 = Release|Any CPU
		{307CBB6A-37E5-4A19-B831-5A37AE290C6F}.Release|x86.ActiveCfg = Release|Any CPU
		{307CBB6A-37E5-4A19-B831-5A37AE290C6F}.Release|x86.Build.0 = Release|Any CPU
		{A9846C03-2303-4D52-AFA8-8FB680EB0A23}.Debug|Any CPU.ActiveCfg = Debug|Any CPU
		{A9846C03-2303-4D52-AFA8-8FB680EB0A23}.Debug|Any CPU.Build.0 = Debug|Any CPU
		{A9846C03-2303-4D52-AFA8-8FB680EB0A23}.Debug|x64.ActiveCfg = Debug|Any CPU
		{A9846C03-2303-4D52-AFA8-8FB680EB0A23}.Debug|x64.Build.0 = Debug|Any CPU
		{A9846C03-2303-4D52-AFA8-8FB680EB0A23}.Debug|x86.ActiveCfg = Debug|Any CPU
		{A9846C03-2303-4D52-AFA8-8FB680EB0A23}.Debug|x86.Build.0 = Debug|Any CPU
		{A9846C03-2303-4D52-AFA8-8FB680EB0A23}.Release|Any CPU.ActiveCfg = Release|Any CPU
		{A9846C03-2303-4D52-AFA8-8FB680EB0A23}.Release|Any CPU.Build.0 = Release|Any CPU
		{A9846C03-2303-4D52-AFA8-8FB680EB0A23}.Release|x64.ActiveCfg = Release|Any CPU
		{A9846C03-2303-4D52-AFA8-8FB680EB0A23}.Release|x64.Build.0 = Release|Any CPU
		{A9846C03-2303-4D52-AFA8-8FB680EB0A23}.Release|x86.ActiveCfg = Release|Any CPU
		{A9846C03-2303-4D52-AFA8-8FB680EB0A23}.Release|x86.Build.0 = Release|Any CPU
		{95964C2F-74CC-479B-ADB7-B400FF6B565A}.Debug|Any CPU.ActiveCfg = Debug|Any CPU
		{95964C2F-74CC-479B-ADB7-B400FF6B565A}.Debug|Any CPU.Build.0 = Debug|Any CPU
		{95964C2F-74CC-479B-ADB7-B400FF6B565A}.Debug|x64.ActiveCfg = Debug|Any CPU
		{95964C2F-74CC-479B-ADB7-B400FF6B565A}.Debug|x64.Build.0 = Debug|Any CPU
		{95964C2F-74CC-479B-ADB7-B400FF6B565A}.Debug|x86.ActiveCfg = Debug|Any CPU
		{95964C2F-74CC-479B-ADB7-B400FF6B565A}.Debug|x86.Build.0 = Debug|Any CPU
		{95964C2F-74CC-479B-ADB7-B400FF6B565A}.Release|Any CPU.ActiveCfg = Release|Any CPU
		{95964C2F-74CC-479B-ADB7-B400FF6B565A}.Release|Any CPU.Build.0 = Release|Any CPU
		{95964C2F-74CC-479B-ADB7-B400FF6B565A}.Release|x64.ActiveCfg = Release|Any CPU
		{95964C2F-74CC-479B-ADB7-B400FF6B565A}.Release|x64.Build.0 = Release|Any CPU
		{95964C2F-74CC-479B-ADB7-B400FF6B565A}.Release|x86.ActiveCfg = Release|Any CPU
		{95964C2F-74CC-479B-ADB7-B400FF6B565A}.Release|x86.Build.0 = Release|Any CPU
		{51E6EE85-F41B-4BA2-B4D4-AB1B8CC16312}.Debug|Any CPU.ActiveCfg = Debug|Any CPU
		{51E6EE85-F41B-4BA2-B4D4-AB1B8CC16312}.Debug|Any CPU.Build.0 = Debug|Any CPU
		{51E6EE85-F41B-4BA2-B4D4-AB1B8CC16312}.Debug|x64.ActiveCfg = Debug|Any CPU
		{51E6EE85-F41B-4BA2-B4D4-AB1B8CC16312}.Debug|x64.Build.0 = Debug|Any CPU
		{51E6EE85-F41B-4BA2-B4D4-AB1B8CC16312}.Debug|x86.ActiveCfg = Debug|Any CPU
		{51E6EE85-F41B-4BA2-B4D4-AB1B8CC16312}.Debug|x86.Build.0 = Debug|Any CPU
		{51E6EE85-F41B-4BA2-B4D4-AB1B8CC16312}.Release|Any CPU.ActiveCfg = Release|Any CPU
		{51E6EE85-F41B-4BA2-B4D4-AB1B8CC16312}.Release|Any CPU.Build.0 = Release|Any CPU
		{51E6EE85-F41B-4BA2-B4D4-AB1B8CC16312}.Release|x64.ActiveCfg = Release|Any CPU
		{51E6EE85-F41B-4BA2-B4D4-AB1B8CC16312}.Release|x64.Build.0 = Release|Any CPU
		{51E6EE85-F41B-4BA2-B4D4-AB1B8CC16312}.Release|x86.ActiveCfg = Release|Any CPU
		{51E6EE85-F41B-4BA2-B4D4-AB1B8CC16312}.Release|x86.Build.0 = Release|Any CPU
	EndGlobalSection
	GlobalSection(SolutionProperties) = preSolution
		HideSolutionNode = FALSE
	EndGlobalSection
	GlobalSection(ExtensibilityGlobals) = postSolution
		SolutionGuid = {3F635698-85A6-4C18-83B6-C706D4368441}
	EndGlobalSection
EndGlobal
